
Microsoft Visual Studio Solution File, Format Version 12.00
# Visual Studio Version 17
VisualStudioVersion = 17.2.32526.322
MinimumVisualStudioVersion = 10.0.40219.1
Project("{FAE04EC0-301F-11D3-BF4B-00C04F79EFBC}") = "CryptoFramework", "CryptoFramework\CryptoFramework.csproj", "{05BB2AC7-C8AA-4244-B04C-B9E34B0D4C00}"
EndProject
Global
	GlobalSection(SolutionConfigurationPlatforms) = preSolution
		Debug|Any CPU = Debug|Any CPU
		Release|Any CPU = Release|Any CPU
	EndGlobalSection
	GlobalSection(ProjectConfigurationPlatforms) = postSolution
		{05BB2AC7-C8AA-4244-B04C-B9E34B0D4C00}.Debug|Any CPU.ActiveCfg = Debug|Any CPU
		{05BB2AC7-C8AA-4244-B04C-B9E34B0D4C00}.Debug|Any CPU.Build.0 = Debug|Any CPU
		{05BB2AC7-C8AA-4244-B04C-B9E34B0D4C00}.Release|Any CPU.ActiveCfg = Release|Any CPU
		{05BB2AC7-C8AA-4244-B04C-B9E34B0D4C00}.Release|Any CPU.Build.0 = Release|Any CPU
	EndGlobalSection
	GlobalSection(SolutionProperties) = preSolution
		HideSolutionNode = FALSE
	EndGlobalSection
	GlobalSection(ExtensibilityGlobals) = postSolution
		SolutionGuid = {FF106586-A477-4625-B9E3-109D7BCD7965}
	EndGlobalSection
EndGlobal
